{
  "version": 4,
  "terraform_version": "1.1.2",
  "serial": 9,
  "lineage": "ec9691ab-402b-64aa-3ca4-dbc58843d1f2",
  "outputs": {},
  "resources": [
    {
      "module": "module.instances",
      "mode": "managed",
      "type": "google_compute_instance",
      "name": "dev-vscode",
      "provider": "module.instances.provider[\"registry.terraform.io/hashicorp/google\"]",
      "instances": [
        {
          "index_key": 0,
          "schema_version": 6,
          "attributes": {
            "advanced_machine_features": [],
            "allow_stopping_for_update": null,
            "attached_disk": [],
            "boot_disk": [
              {
                "auto_delete": true,
                "device_name": "persistent-disk-0",
                "disk_encryption_key_raw": "",
                "disk_encryption_key_sha256": "",
                "initialize_params": [
                  {
                    "image": "https://www.googleapis.com/compute/v1/projects/centos-cloud/global/images/centos-7-v20220126",
                    "labels": {},
                    "size": 20,
                    "type": "pd-standard"
                  }
                ],
                "kms_key_self_link": "",
                "mode": "READ_WRITE",
                "source": "https://www.googleapis.com/compute/v1/projects/terraform-336010/zones/us-central1-a/disks/devserver-0"
              }
            ],
            "can_ip_forward": false,
            "confidential_instance_config": [],
            "cpu_platform": "Intel Haswell",
            "current_status": "RUNNING",
            "deletion_protection": false,
            "description": "",
            "desired_status": null,
            "enable_display": false,
            "guest_accelerator": [],
            "hostname": "",
            "id": "projects/terraform-336010/zones/us-central1-a/instances/devserver-0",
            "instance_id": "4147724932561699833",
            "label_fingerprint": "42WmSpB8rSM=",
            "labels": {},
            "machine_type": "f1-micro",
            "metadata": {},
            "metadata_fingerprint": "EtecInOyynA=",
            "metadata_startup_script": null,
            "min_cpu_platform": "",
            "name": "devserver-0",
            "network_interface": [
              {
                "access_config": [
                  {
                    "nat_ip": "34.68.165.80",
                    "network_tier": "PREMIUM",
                    "public_ptr_domain_name": ""
                  }
                ],
                "alias_ip_range": [],
                "ipv6_access_config": [],
                "ipv6_access_type": "",
                "name": "nic0",
                "network": "https://www.googleapis.com/compute/v1/projects/terraform-336010/global/networks/old-vpc",
                "network_ip": "10.128.0.4",
                "nic_type": "",
                "queue_count": 0,
                "stack_type": "IPV4_ONLY",
                "subnetwork": "https://www.googleapis.com/compute/v1/projects/terraform-336010/regions/us-central1/subnetworks/old-vpc",
                "subnetwork_project": "terraform-336010"
              }
            ],
            "project": "terraform-336010",
            "reservation_affinity": [],
            "resource_policies": [],
            "scheduling": [
              {
                "automatic_restart": true,
                "min_node_cpus": 0,
                "node_affinities": [],
                "on_host_maintenance": "MIGRATE",
                "preemptible": false
              }
            ],
            "scratch_disk": [],
            "self_link": "https://www.googleapis.com/compute/v1/projects/terraform-336010/zones/us-central1-a/instances/devserver-0",
            "service_account": [],
            "shielded_instance_config": [
              {
                "enable_integrity_monitoring": true,
                "enable_secure_boot": false,
                "enable_vtpm": true
              }
            ],
            "tags": [],
            "tags_fingerprint": "42WmSpB8rSM=",
            "timeouts": null,
            "zone": "us-central1-a"
          },
          "sensitive_attributes": [],
          "private": "eyJlMmJmYjczMC1lY2FhLTExZTYtOGY4OC0zNDM2M2JjN2M0YzAiOnsiY3JlYXRlIjoxMjAwMDAwMDAwMDAwLCJkZWxldGUiOjEyMDAwMDAwMDAwMDAsInVwZGF0ZSI6MTIwMDAwMDAwMDAwMH0sInNjaGVtYV92ZXJzaW9uIjoiNiJ9",
          "dependencies": [
            "module.vpc.data.google_compute_network.old-vpc"
          ]
        },
        {
          "index_key": 1,
          "schema_version": 6,
          "attributes": {
            "advanced_machine_features": [],
            "allow_stopping_for_update": null,
            "attached_disk": [],
            "boot_disk": [
              {
                "auto_delete": true,
                "device_name": "persistent-disk-0",
                "disk_encryption_key_raw": "",
                "disk_encryption_key_sha256": "",
                "initialize_params": [
                  {
                    "image": "https://www.googleapis.com/compute/v1/projects/centos-cloud/global/images/centos-7-v20220126",
                    "labels": {},
                    "size": 20,
                    "type": "pd-standard"
                  }
                ],
                "kms_key_self_link": "",
                "mode": "READ_WRITE",
                "source": "https://www.googleapis.com/compute/v1/projects/terraform-336010/zones/us-central1-a/disks/devserver-1"
              }
            ],
            "can_ip_forward": false,
            "confidential_instance_config": [],
            "cpu_platform": "Intel Haswell",
            "current_status": "RUNNING",
            "deletion_protection": false,
            "description": "",
            "desired_status": null,
            "enable_display": false,
            "guest_accelerator": [],
            "hostname": "",
            "id": "projects/terraform-336010/zones/us-central1-a/instances/devserver-1",
            "instance_id": "9093319111787611128",
            "label_fingerprint": "42WmSpB8rSM=",
            "labels": {},
            "machine_type": "f1-micro",
            "metadata": {},
            "metadata_fingerprint": "EtecInOyynA=",
            "metadata_startup_script": null,
            "min_cpu_platform": "",
            "name": "devserver-1",
            "network_interface": [
              {
                "access_config": [
                  {
                    "nat_ip": "34.133.22.223",
                    "network_tier": "PREMIUM",
                    "public_ptr_domain_name": ""
                  }
                ],
                "alias_ip_range": [],
                "ipv6_access_config": [],
                "ipv6_access_type": "",
                "name": "nic0",
                "network": "https://www.googleapis.com/compute/v1/projects/terraform-336010/global/networks/old-vpc",
                "network_ip": "10.128.0.5",
                "nic_type": "",
                "queue_count": 0,
                "stack_type": "IPV4_ONLY",
                "subnetwork": "https://www.googleapis.com/compute/v1/projects/terraform-336010/regions/us-central1/subnetworks/old-vpc",
                "subnetwork_project": "terraform-336010"
              }
            ],
            "project": "terraform-336010",
            "reservation_affinity": [],
            "resource_policies": [],
            "scheduling": [
              {
                "automatic_restart": true,
                "min_node_cpus": 0,
                "node_affinities": [],
                "on_host_maintenance": "MIGRATE",
                "preemptible": false
              }
            ],
            "scratch_disk": [],
            "self_link": "https://www.googleapis.com/compute/v1/projects/terraform-336010/zones/us-central1-a/instances/devserver-1",
            "service_account": [],
            "shielded_instance_config": [
              {
                "enable_integrity_monitoring": true,
                "enable_secure_boot": false,
                "enable_vtpm": true
              }
            ],
            "tags": [],
            "tags_fingerprint": "42WmSpB8rSM=",
            "timeouts": null,
            "zone": "us-central1-a"
          },
          "sensitive_attributes": [],
          "private": "eyJlMmJmYjczMC1lY2FhLTExZTYtOGY4OC0zNDM2M2JjN2M0YzAiOnsiY3JlYXRlIjoxMjAwMDAwMDAwMDAwLCJkZWxldGUiOjEyMDAwMDAwMDAwMDAsInVwZGF0ZSI6MTIwMDAwMDAwMDAwMH0sInNjaGVtYV92ZXJzaW9uIjoiNiJ9",
          "dependencies": [
            "module.vpc.data.google_compute_network.old-vpc"
          ]
        }
      ]
    },
    {
      "module": "module.vpc",
      "mode": "data",
      "type": "google_compute_network",
      "name": "old-vpc",
      "provider": "module.vpc.provider[\"registry.terraform.io/hashicorp/google\"]",
      "instances": [
        {
          "schema_version": 0,
          "attributes": {
            "description": "created for jenkins testing",
            "gateway_ipv4": "",
            "id": "projects/terraform-336010/global/networks/old-vpc",
            "name": "old-vpc",
            "project": "terraform-336010",
            "self_link": "https://www.googleapis.com/compute/v1/projects/terraform-336010/global/networks/old-vpc",
            "subnetworks_self_links": [
              "https://www.googleapis.com/compute/v1/projects/terraform-336010/regions/asia-northeast3/subnetworks/old-vpc",
              "https://www.googleapis.com/compute/v1/projects/terraform-336010/regions/australia-southeast1/subnetworks/old-vpc",
              "https://www.googleapis.com/compute/v1/projects/terraform-336010/regions/southamerica-east1/subnetworks/old-vpc",
              "https://www.googleapis.com/compute/v1/projects/terraform-336010/regions/asia-south2/subnetworks/old-vpc",
              "https://www.googleapis.com/compute/v1/projects/terraform-336010/regions/europe-north1/subnetworks/old-vpc",
              "https://www.googleapis.com/compute/v1/projects/terraform-336010/regions/europe-west1/subnetworks/old-vpc",
              "https://www.googleapis.com/compute/v1/projects/terraform-336010/regions/us-east4/subnetworks/old-vpc",
              "https://www.googleapis.com/compute/v1/projects/terraform-336010/regions/asia-southeast1/subnetworks/old-vpc",
              "https://www.googleapis.com/compute/v1/projects/terraform-336010/regions/europe-west4/subnetworks/old-vpc",
              "https://www.googleapis.com/compute/v1/projects/terraform-336010/regions/us-east1/subnetworks/old-vpc",
              "https://www.googleapis.com/compute/v1/projects/terraform-336010/regions/us-central1/subnetworks/old-vpc",
              "https://www.googleapis.com/compute/v1/projects/terraform-336010/regions/us-west4/subnetworks/old-vpc",
              "https://www.googleapis.com/compute/v1/projects/terraform-336010/regions/us-west2/subnetworks/old-vpc",
              "https://www.googleapis.com/compute/v1/projects/terraform-336010/regions/europe-west6/subnetworks/old-vpc",
              "https://www.googleapis.com/compute/v1/projects/terraform-336010/regions/asia-east2/subnetworks/old-vpc",
              "https://www.googleapis.com/compute/v1/projects/terraform-336010/regions/us-west3/subnetworks/old-vpc",
              "https://www.googleapis.com/compute/v1/projects/terraform-336010/regions/asia-northeast2/subnetworks/old-vpc",
              "https://www.googleapis.com/compute/v1/projects/terraform-336010/regions/asia-east1/subnetworks/old-vpc",
              "https://www.googleapis.com/compute/v1/projects/terraform-336010/regions/us-west1/subnetworks/old-vpc",
              "https://www.googleapis.com/compute/v1/projects/terraform-336010/regions/australia-southeast2/subnetworks/old-vpc",
              "https://www.googleapis.com/compute/v1/projects/terraform-336010/regions/europe-west3/subnetworks/old-vpc",
              "https://www.googleapis.com/compute/v1/projects/terraform-336010/regions/asia-southeast2/subnetworks/old-vpc",
              "https://www.googleapis.com/compute/v1/projects/terraform-336010/regions/europe-central2/subnetworks/old-vpc",
              "https://www.googleapis.com/compute/v1/projects/terraform-336010/regions/europe-west2/subnetworks/old-vpc",
              "https://www.googleapis.com/compute/v1/projects/terraform-336010/regions/northamerica-northeast1/subnetworks/old-vpc",
              "https://www.googleapis.com/compute/v1/projects/terraform-336010/regions/southamerica-west1/subnetworks/old-vpc",
              "https://www.googleapis.com/compute/v1/projects/terraform-336010/regions/northamerica-northeast2/subnetworks/old-vpc",
              "https://www.googleapis.com/compute/v1/projects/terraform-336010/regions/asia-northeast1/subnetworks/old-vpc",
              "https://www.googleapis.com/compute/v1/projects/terraform-336010/regions/asia-south1/subnetworks/old-vpc"
            ]
          },
          "sensitive_attributes": []
        }
      ]
    }
  ]
}
